
Microsoft Visual Studio Solution File, Format Version 12.00
# Visual Studio Version 17
VisualStudioVersion = 17.0.31903.59
MinimumVisualStudioVersion = 10.0.40219.1
Project("{2150E333-8FDC-42A3-9474-1A3956D46DE8}") = "src", "src", "{827E0CD3-B72D-47B6-A68D-7590B98EB39B}"
EndProject
Project("{FAE04EC0-301F-11D3-BF4B-00C04F79EFBC}") = "Andy.Cli", "src\Andy.Cli\Andy.Cli.csproj", "{F1DF3590-7D70-4F8D-B39B-E87B85115DCE}"
EndProject
Project("{2150E333-8FDC-42A3-9474-1A3956D46DE8}") = "tests", "tests", "{0AB3BF05-4346-4AA6-1389-037BE0695223}"
EndProject
Project("{FAE04EC0-301F-11D3-BF4B-00C04F79EFBC}") = "Andy.Cli.Tests", "tests\Andy.Cli.Tests\Andy.Cli.Tests.csproj", "{CDDC1F3D-F93C-408A-87CB-4186E3AB3094}"
EndProject
Global
	GlobalSection(SolutionConfigurationPlatforms) = preSolution
		Debug|Any CPU = Debug|Any CPU
		Debug|x64 = Debug|x64
		Debug|x86 = Debug|x86
		Release|Any CPU = Release|Any CPU
		Release|x64 = Release|x64
		Release|x86 = Release|x86
	EndGlobalSection
	GlobalSection(ProjectConfigurationPlatforms) = postSolution
		{F1DF3590-7D70-4F8D-B39B-E87B85115DCE}.Debug|Any CPU.ActiveCfg = Debug|Any CPU
		{F1DF3590-7D70-4F8D-B39B-E87B85115DCE}.Debug|Any CPU.Build.0 = Debug|Any CPU
		{F1DF3590-7D70-4F8D-B39B-E87B85115DCE}.Debug|x64.ActiveCfg = Debug|Any CPU
		{F1DF3590-7D70-4F8D-B39B-E87B85115DCE}.Debug|x64.Build.0 = Debug|Any CPU
		{F1DF3590-7D70-4F8D-B39B-E87B85115DCE}.Debug|x86.ActiveCfg = Debug|Any CPU
		{F1DF3590-7D70-4F8D-B39B-E87B85115DCE}.Debug|x86.Build.0 = Debug|Any CPU
		{F1DF3590-7D70-4F8D-B39B-E87B85115DCE}.Release|Any CPU.ActiveCfg = Release|Any CPU
		{F1DF3590-7D70-4F8D-B39B-E87B85115DCE}.Release|Any CPU.Build.0 = Release|Any CPU
		{F1DF3590-7D70-4F8D-B39B-E87B85115DCE}.Release|x64.ActiveCfg = Release|Any CPU
		{F1DF3590-7D70-4F8D-B39B-E87B85115DCE}.Release|x64.Build.0 = Release|Any CPU
		{F1DF3590-7D70-4F8D-B39B-E87B85115DCE}.Release|x86.ActiveCfg = Release|Any CPU
		{F1DF3590-7D70-4F8D-B39B-E87B85115DCE}.Release|x86.Build.0 = Release|Any CPU
		{CDDC1F3D-F93C-408A-87CB-4186E3AB3094}.Debug|Any CPU.ActiveCfg = Debug|Any CPU
		{CDDC1F3D-F93C-408A-87CB-4186E3AB3094}.Debug|Any CPU.Build.0 = Debug|Any CPU
		{CDDC1F3D-F93C-408A-87CB-4186E3AB3094}.Debug|x64.ActiveCfg = Debug|Any CPU
		{CDDC1F3D-F93C-408A-87CB-4186E3AB3094}.Debug|x64.Build.0 = Debug|Any CPU
		{CDDC1F3D-F93C-408A-87CB-4186E3AB3094}.Debug|x86.ActiveCfg = Debug|Any CPU
		{CDDC1F3D-F93C-408A-87CB-4186E3AB3094}.Debug|x86.Build.0 = Debug|Any CPU
		{CDDC1F3D-F93C-408A-87CB-4186E3AB3094}.Release|Any CPU.ActiveCfg = Release|Any CPU
		{CDDC1F3D-F93C-408A-87CB-4186E3AB3094}.Release|Any CPU.Build.0 = Release|Any CPU
		{CDDC1F3D-F93C-408A-87CB-4186E3AB3094}.Release|x64.ActiveCfg = Release|Any CPU
		{CDDC1F3D-F93C-408A-87CB-4186E3AB3094}.Release|x64.Build.0 = Release|Any CPU
		{CDDC1F3D-F93C-408A-87CB-4186E3AB3094}.Release|x86.ActiveCfg = Release|Any CPU
		{CDDC1F3D-F93C-408A-87CB-4186E3AB3094}.Release|x86.Build.0 = Release|Any CPU
	EndGlobalSection
	GlobalSection(SolutionProperties) = preSolution
		HideSolutionNode = FALSE
	EndGlobalSection
	GlobalSection(NestedProjects) = preSolution
		{F1DF3590-7D70-4F8D-B39B-E87B85115DCE} = {827E0CD3-B72D-47B6-A68D-7590B98EB39B}
		{CDDC1F3D-F93C-408A-87CB-4186E3AB3094} = {0AB3BF05-4346-4AA6-1389-037BE0695223}
	EndGlobalSection
EndGlobal
