{
  "version": 1,
  "dependencies": {
    "net10.0": {
      "Andy.Acp.Core": {
        "type": "Direct",
        "requested": "[2026.7.21.1, )",
        "resolved": "2026.7.21.1",
        "contentHash": "Q8lOLNa3nPvfk3nxSEhyJwi1VTv8ND1ebDmWdzI1euvDM65QkXnSmQtyZu5+hUw0RXwdRxfcmm6TgZhstZYKoQ=="
      },
      "Andy.CodeIndex.Infrastructure": {
        "type": "Direct",
        "requested": "[2026.7.21-rc.11, )",
        "resolved": "2026.7.21-rc.11",
        "contentHash": "sYNSTI3DM8FAr/JBGZrF7rxq2edl9aBrjJ+pQfq5uFVISQiQnTLFb0f5vLPC4T2J8tve/erqzf+7XepeKMrJyg==",
        "dependencies": {
          "Acornima": "1.6.2",
          "Andy.CodeIndex.Application": "2026.7.21-rc.11",
          "Andy.CodeIndex.Domain": "2026.7.21-rc.11",
          "Markdig": "0.37.0",
          "Microsoft.CodeAnalysis.CSharp": "4.5.0",
          "Microsoft.EntityFrameworkCore": "8.0.29",
          "Microsoft.EntityFrameworkCore.Sqlite": "8.0.29",
          "Npgsql.EntityFrameworkCore.PostgreSQL": "8.0.11",
          "Pgvector": "0.3.2",
          "Pgvector.EntityFrameworkCore": "0.2.1",
          "SQLitePCLRaw.bundle_e_sqlite3": "2.1.12",
          "UglyToad.PdfPig": "1.7.0-custom-5"
        }
      },
      "Andy.Engine": {
        "type": "Direct",
        "requested": "[2026.7.31-rc.98, )",
        "resolved": "2026.7.31-rc.98",
        "contentHash": "1X+ZtcfHE+C3agipQeEKE+o0KXSkhCkYMjbRW1uKr3nRZWOLNIQQDjp4+MN2t6KyaXmcO4c8U67nZ9LXX5nHbQ==",
        "dependencies": {
          "Andy.Configuration": "2026.5.16-rc.8",
          "Andy.Context": "2026.5.16-rc.6",
          "Andy.Llm": "2026.7.21-rc.76",
          "Andy.Model": "2026.7.21-rc.13",
          "Andy.Tools": "2026.7.21-rc.86",
          "Andy.Tools.Pdf": "2026.7.21-rc.86",
          "JsonPointer.Net": "5.0.0",
          "JsonSchema.Net": "7.0.0",
          "Polly": "8.5.2"
        }
      },
      "Andy.Llm": {
        "type": "Direct",
        "requested": "[2026.7.21-rc.76, )",
        "resolved": "2026.7.21-rc.76",
        "contentHash": "uQWiPMkL4smlpEewcwJhayWzwoyivAYThJ4MX6JjbcYX1YIBchRMxW2v/4+qgY1r0tVJP9irtanepW1Bj/4A4A==",
        "dependencies": {
          "Andy.Configuration": "2026.5.16-rc.8",
          "Andy.Model": "2026.6.20-rc.10",
          "Azure.AI.OpenAI": "2.1.0",
          "Cerebras.Cloud.Sdk.Unofficial": "2025.7.13-rc.8",
          "Microsoft.Extensions.Http.Polly": "8.0.8",
          "OpenAI": "2.1.0"
        }
      },
      "Andy.MCP": {
        "type": "Direct",
        "requested": "[2026.5.16-rc.31, )",
        "resolved": "2026.5.16-rc.31",
        "contentHash": "kEd2iRU4xTAUU2oJTQ2j60d296S+sOA9hEQ2hXSP3Rsyk2cRaiJNa19//P6bIkC3iD+EMRwefNU9GWvJHnOl9w=="
      },
      "Andy.Model": {
        "type": "Direct",
        "requested": "[2026.7.21-rc.13, )",
        "resolved": "2026.7.21-rc.13",
        "contentHash": "1GodB+gzcEZ5eW+RA8IyccmKjteAPwqVobp3aYje4sjIaMQxhWXS/gclW7cro1ZySMVMXGS4xrKvOH710PhGnA=="
      },
      "Andy.Permissions": {
        "type": "Direct",
        "requested": "[2026.7.27-rc.16, )",
        "resolved": "2026.7.27-rc.16",
        "contentHash": "J7BBhh3VY1ry3kepfVupVFyMgP9Wq2Ai6YqkapTvmdaX5WPbkrM4xFrqAMIGr4nivdJRSV7WSDyWos6A2qbfEg==",
        "dependencies": {
          "Andy.Tools": "2026.7.21-rc.84"
        }
      },
      "Andy.Skills.Tools": {
        "type": "Direct",
        "requested": "[2026.7.21-rc.17, )",
        "resolved": "2026.7.21-rc.17",
        "contentHash": "42K5k6KZG8biTwxAa3seoc27T6ot0PACA9LpRcc64V07pRMgTYw9480ouLuxR7UBAaHfHEmu8n4ZiGx9qSUeHw==",
        "dependencies": {
          "Andy.Skills": "2026.7.21-rc.17",
          "Andy.Tools": "2026.6.27-rc.80"
        }
      },
      "Andy.Tools": {
        "type": "Direct",
        "requested": "[2026.7.21-rc.86, )",
        "resolved": "2026.7.21-rc.86",
        "contentHash": "gbSPap8FkNpxhRSUnmnbyH8yRSfLqpO0HUcOUeHD00PIoOXvzXzSA95HqfxR6ZV6bRBw9xAJ1J2yJGNKlV6Ozg=="
      },
      "Andy.Tools.Data": {
        "type": "Direct",
        "requested": "[2026.7.21-rc.86, )",
        "resolved": "2026.7.21-rc.86",
        "contentHash": "lVv1iA6c+0fJXOx0e0uxwj6trXxwB4761O0EG/LzK3Dnri5rKNW5rTjm33pIDpQLyUeY77IXgLRzjfCcCbXWsg==",
        "dependencies": {
          "Andy.Data": "2026.6.15-rc.2",
          "Andy.Data.Abstractions": "2026.6.15-rc.2",
          "Andy.Tools": "2026.7.21-rc.86"
        }
      },
      "Andy.Tools.Pdf": {
        "type": "Direct",
        "requested": "[2026.7.21-rc.86, )",
        "resolved": "2026.7.21-rc.86",
        "contentHash": "QSPfjXRPWrZqYL/5pZS1w/uhuk5fQc8/4AIjJizEizS0J9G0T+d7FlOjz4m9a9w0T+HazTJV3J7j3dvUR9gppA==",
        "dependencies": {
          "Andy.Doc.Pdf": "2026.7.21-rc.1",
          "Andy.Tools": "2026.7.21-rc.86"
        }
      },
      "Andy.Tui": {
        "type": "Direct",
        "requested": "[2026.7.21-rc.162, )",
        "resolved": "2026.7.21-rc.162",
        "contentHash": "nXziyzj7Oa7ItxizmRwCWm1MXRrIUDOZZJQ8ZuGrCA2aCp9qB3hFeyjWoecof83kuXBqv4J+fFfP0xHFjcchDQ==",
        "dependencies": {
          "Andy.Tui.Animations": "2026.7.21-rc.162",
          "Andy.Tui.Backend.Terminal": "2026.7.21-rc.162",
          "Andy.Tui.Compose": "2026.7.21-rc.162",
          "Andy.Tui.Compositor": "2026.7.21-rc.162",
          "Andy.Tui.Core": "2026.7.21-rc.162",
          "Andy.Tui.DisplayList": "2026.7.21-rc.162",
          "Andy.Tui.Input": "2026.7.21-rc.162",
          "Andy.Tui.Layout": "2026.7.21-rc.162",
          "Andy.Tui.Observability": "2026.7.21-rc.162",
          "Andy.Tui.Style": "2026.7.21-rc.162",
          "Andy.Tui.Text": "2026.7.21-rc.162",
          "Andy.Tui.Virtualization": "2026.7.21-rc.162",
          "Andy.Tui.Widgets": "2026.7.21-rc.162"
        }
      },
      "JsonRepairSharp": {
        "type": "Direct",
        "requested": "[1.2.4, )",
        "resolved": "1.2.4",
        "contentHash": "9P4pmR7HVKm7wMxrWeS7rkoGBBVTi8M/1nBon/s19exenXFuEVUBFZsYNkfNlAqHs7fdrgnlxxV2hnziI4JWbA=="
      },
      "JsonSchema.Net": {
        "type": "Direct",
        "requested": "[9.3.0, )",
        "resolved": "9.3.0",
        "contentHash": "d780/OM10Vi3ZwXtWsdjSwg4T2Gv6PEs4QO1TOcfwYJsT3IpkV6u6RUJYDxNFifc4jsNeIk+0RgRh1X38R5ySA==",
        "dependencies": {
          "JsonPointer.Net": "7.0.1"
        }
      },
      "Microsoft.CodeAnalysis.CSharp": {
        "type": "Direct",
        "requested": "[5.6.0, )",
        "resolved": "5.6.0",
        "contentHash": "r1DrKQ/L0xTw03wJrLr36AMQNslyaeEKBFyFmQcOKa8HX3YvmhY//JEUafb6IR/m0gmaUVCfBTWitKJRNb7YAA==",
        "dependencies": {
          "Microsoft.CodeAnalysis.Analyzers": "5.3.0",
          "Microsoft.CodeAnalysis.Common": "[5.6.0]"
        }
      },
      "Microsoft.CodeAnalysis.CSharp.Workspaces": {
        "type": "Direct",
        "requested": "[5.6.0, )",
        "resolved": "5.6.0",
        "contentHash": "ojTMowxK2X0QPNSixGLI5RBgBQLgo1Blwyct4+HWCVYLXT4iKCyVKKmGjxw4h0AvPzGgd0XfWzSGKJk/jS2LkA==",
        "dependencies": {
          "Humanizer.Core": "2.14.1",
          "Microsoft.CodeAnalysis.Analyzers": "5.3.0",
          "Microsoft.CodeAnalysis.CSharp": "[5.6.0]",
          "Microsoft.CodeAnalysis.Common": "[5.6.0]",
          "Microsoft.CodeAnalysis.Workspaces.Common": "[5.6.0]",
          "System.Composition": "10.0.1"
        }
      },
      "Microsoft.NET.ILLink.Tasks": {
        "type": "Direct",
        "requested": "[10.0.10, )",
        "resolved": "10.0.10",
        "contentHash": "f5VCIE7AJpd5YvzNTeMGVzQIgyE9tX+AreTYwQF+REbu+DZo/2Ae+jNSwhPEYrVz6RRkd7y8ubXjk6Nn6Ka+Cg=="
      },
      "Acornima": {
        "type": "Transitive",
        "resolved": "1.6.2",
        "contentHash": "laakpDHzMwHr5C8+q5RlRf0XJJshUvghNeo4xDerICrYR3iEuGvwfpauCmXuU3RE437XDaQO5ZxieWDpADuD+w=="
      },
      "Andy.CodeIndex.Application": {
        "type": "Transitive",
        "resolved": "2026.7.21-rc.11",
        "contentHash": "eDqkZH3OoFBzb6P78VW95Sqr71q4DOKwemymgVHCDRydo9ff6CZOaKEAJkQwrHqFO6Pn0ZMn2cTv+77N4FpPJw==",
        "dependencies": {
          "Andy.CodeIndex.Domain": "2026.7.21-rc.11"
        }
      },
      "Andy.CodeIndex.Domain": {
        "type": "Transitive",
        "resolved": "2026.7.21-rc.11",
        "contentHash": "3o/82+gWDMRs9Irlv8NbBCdx+O7bM6M5/cy0ipnTnhX4DZX04j++111JllEQqQAxqBxsMP7rHpbNP4rBHIf64g==",
        "dependencies": {
          "Npgsql": "8.0.6",
          "Pgvector": "0.3.0"
        }
      },
      "Andy.Configuration": {
        "type": "Transitive",
        "resolved": "2026.5.16-rc.8",
        "contentHash": "Z6jhqceLGALqxvdw2W0osrK1STC8sG0dHHTA6ff1xyzRQMR4xiuPdx5McLjHzwJ1H5bEySQCi4GVKBdYizInEQ=="
      },
      "Andy.Context": {
        "type": "Transitive",
        "resolved": "2026.5.16-rc.6",
        "contentHash": "A3t15Fwd1EP9gvZi7XCXJtXEwaqDqpkUrw0/KFWZemtFshzwzjc5UyAMFs5lPigLdsu7U1CzFFgbZrAn4Hozrg=="
      },
      "Andy.Data": {
        "type": "Transitive",
        "resolved": "2026.6.15-rc.2",
        "contentHash": "S4bgXb/75tV6IROLesmnbyK1EhW575f0KeILz2sjLkHS1+Fo818WaINg5iBCONoSm5Wksq8kMNv2FHbSAUhf6A==",
        "dependencies": {
          "Andy.Data.Abstractions": "2026.6.15-rc.2",
          "DuckDB.NET.Data.Full": "1.1.3"
        }
      },
      "Andy.Data.Abstractions": {
        "type": "Transitive",
        "resolved": "2026.6.15-rc.2",
        "contentHash": "oI4jrSA5VNVlOhDrhhhsagfuUZWGNexdhk9mr10cOMTWlqpZFQFrpeAk1KFtgdRRwvqTfbJbyvzOhZE5RoqFIg=="
      },
      "Andy.Doc.Core": {
        "type": "Transitive",
        "resolved": "2026.7.21-rc.1",
        "contentHash": "sCNhTUv9CXAE9aXgy+94x84JfiZXOqMNTvUVMIsmT+LjrHA88aV2OB0U9Y6+WdHHc6qjR6qFzEQRf+AGpFVjGQ=="
      },
      "Andy.Doc.Pdf": {
        "type": "Transitive",
        "resolved": "2026.7.21-rc.1",
        "contentHash": "0LuMqeAwkvRhkwMeVT2hr9CwFMydlabHgO1ADx+6sGdHMYr2TEj8LkbWDZVaB4wYMo+7AMfWMaXcCrp8T342RA==",
        "dependencies": {
          "Andy.Doc.Core": "2026.7.21-rc.1",
          "CSJ2K": "3.0.0",
          "SixLabors.ImageSharp": "3.1.12",
          "SkiaSharp": "2.88.8",
          "System.Security.Cryptography.Pkcs": "10.0.0"
        }
      },
      "Andy.Skills": {
        "type": "Transitive",
        "resolved": "2026.7.21-rc.17",
        "contentHash": "63Y3jvueMuMeL+2ylb4jnNF2nsFK/iJkV7ZEAS1NncQ3suTWtar+cVYP1RG9jKGvLW5/keu31hyHiCESCC2TYA=="
      },
      "Andy.Tui.Animations": {
        "type": "Transitive",
        "resolved": "2026.7.21-rc.162",
        "contentHash": "RJSS4b2QZeHeuXwK1b6+p717gdtQCmsAXmJrh/JgqZcN/oqABNSuvSRLDHTtwqdO/fti8LmsBlm+3Dfq6TLJlw==",
        "dependencies": {
          "Andy.Tui.DisplayList": "2026.7.21-rc.162"
        }
      },
      "Andy.Tui.Backend.Terminal": {
        "type": "Transitive",
        "resolved": "2026.7.21-rc.162",
        "contentHash": "9QGXLDnYOdktPcn6wcsuMMrMQfiC8PIDf/3XIJShLbWCadb4IB+pecZHZpngqzaLgdK8i8ixlzTo5dN0PYjM2w==",
        "dependencies": {
          "Andy.Tui.Compositor": "2026.7.21-rc.162",
          "Andy.Tui.DisplayList": "2026.7.21-rc.162"
        }
      },
      "Andy.Tui.Compose": {
        "type": "Transitive",
        "resolved": "2026.7.21-rc.162",
        "contentHash": "JHAGGk3ZV/y6/5KMhYVnBJTvkxrviWu2iMT6RK2vBqK67jXaCYJFkQz5VF+lrTvUz7ytn1b/TzfdtKxq4RA73A==",
        "dependencies": {
          "Andy.Tui.DisplayList": "2026.7.21-rc.162"
        }
      },
      "Andy.Tui.Compositor": {
        "type": "Transitive",
        "resolved": "2026.7.21-rc.162",
        "contentHash": "2j9ATdLncaIPEbHwpA2btCSlO8lwkGoFscd8d2RQlkOytVmhRrwAX2fzH6IrlkgIFdai1yVlL2iMd60lq8R4Qg==",
        "dependencies": {
          "Andy.Tui.DisplayList": "2026.7.21-rc.162",
          "Andy.Tui.Text": "2026.7.21-rc.162"
        }
      },
      "Andy.Tui.Core": {
        "type": "Transitive",
        "resolved": "2026.7.21-rc.162",
        "contentHash": "SQpn1/hyWNPWHsbGE9fZ7EaZz966s+BoMXzbvmb/hKK4BdfmpPRsxzKVPTfkxiQbiHkm5fF+w4eDZ0AGMHNJ6Q==",
        "dependencies": {
          "Andy.Tui.Backend.Terminal": "2026.7.21-rc.162",
          "Andy.Tui.Compositor": "2026.7.21-rc.162",
          "Andy.Tui.DisplayList": "2026.7.21-rc.162",
          "Andy.Tui.Input": "2026.7.21-rc.162",
          "Andy.Tui.Layout": "2026.7.21-rc.162",
          "Andy.Tui.Observability": "2026.7.21-rc.162"
        }
      },
      "Andy.Tui.DisplayList": {
        "type": "Transitive",
        "resolved": "2026.7.21-rc.162",
        "contentHash": "pVKfG5wRAxcmI7AdrTfaYE5z3dxNSfuCwMlbdYewKJPIeN/APMR1p2URh63RnffGQJ3I1mN0+lwqhZeulN6eQQ=="
      },
      "Andy.Tui.Input": {
        "type": "Transitive",
        "resolved": "2026.7.21-rc.162",
        "contentHash": "o6bKkM+dGxNu1YCOEjzAIqxrQ4iTVTVcnHTftGbIxIuG37mN8FipAKZg6JMFNlos76guke+6VXi9Y3REiDqWmg==",
        "dependencies": {
          "Andy.Tui.Observability": "2026.7.21-rc.162"
        }
      },
      "Andy.Tui.Layout": {
        "type": "Transitive",
        "resolved": "2026.7.21-rc.162",
        "contentHash": "S1CL+EpZCBIEKBu8upxhvk8LUKSazCA5p+Ju4Sdq2tlVQcKz2BqYg04cR107HJElBKjdCSon0ZUDB43s2P7ZHw==",
        "dependencies": {
          "Andy.Tui.Style": "2026.7.21-rc.162"
        }
      },
      "Andy.Tui.Observability": {
        "type": "Transitive",
        "resolved": "2026.7.21-rc.162",
        "contentHash": "F/TxzxeCVa29hKMSnLe9vbdld7p9N5VzSc6u9KtHKh3IXTzv0a7KssCAy9R+vyYxhfKPKjL6uaMBe2pfHhLBOg==",
        "dependencies": {
          "Andy.Tui.DisplayList": "2026.7.21-rc.162"
        }
      },
      "Andy.Tui.Style": {
        "type": "Transitive",
        "resolved": "2026.7.21-rc.162",
        "contentHash": "RjFG0EfCVgYemjuXFV+RNduWJMRTxsAZBvDjp0TLvaHTa+Va80OqoMP0kVwq85M2DihYaXdD77oHqFeigApy9g==",
        "dependencies": {
          "Andy.Tui.DisplayList": "2026.7.21-rc.162"
        }
      },
      "Andy.Tui.Text": {
        "type": "Transitive",
        "resolved": "2026.7.21-rc.162",
        "contentHash": "+AiFnOokgpfZh1WSPKHBX2C3LDKXjuLVboi3YTG0mWOuhAptBmBF8xQkjailQGxLRb9gENQWibTVbmMzsnadiQ=="
      },
      "Andy.Tui.Virtualization": {
        "type": "Transitive",
        "resolved": "2026.7.21-rc.162",
        "contentHash": "mXZh4QmRvIHuGcw4nXSgyzB77qvKAruxSfK6kf9qUtujBXC8VnTXbwG6eQLOxBdERrbBx92afkM4610xFMTt6Q==",
        "dependencies": {
          "Andy.Tui.DisplayList": "2026.7.21-rc.162",
          "Andy.Tui.Layout": "2026.7.21-rc.162"
        }
      },
      "Andy.Tui.Widgets": {
        "type": "Transitive",
        "resolved": "2026.7.21-rc.162",
        "contentHash": "rlK3QviWZ4oLCU0sl0j8yKjU/0Rqq5bihmlxGnO3qJcnX+4eFZTGs3Qs+i2+DYOvmwi+11qGjeWQHpRs4BzSHg==",
        "dependencies": {
          "Andy.Tui.DisplayList": "2026.7.21-rc.162",
          "Andy.Tui.Input": "2026.7.21-rc.162",
          "Andy.Tui.Layout": "2026.7.21-rc.162",
          "Andy.Tui.Style": "2026.7.21-rc.162",
          "Andy.Tui.Text": "2026.7.21-rc.162",
          "Andy.Tui.Virtualization": "2026.7.21-rc.162"
        }
      },
      "Azure.AI.OpenAI": {
        "type": "Transitive",
        "resolved": "2.1.0",
        "contentHash": "doixr3tcsIcdzbzF9NxKt+6U0NKj6aPeOCPYONPsWjyf3gxVndVJAdjPcVdqeR/3vcRHXRgGnGlv+iXx5jMA4g==",
        "dependencies": {
          "Azure.Core": "1.44.1",
          "OpenAI": "2.1.0"
        }
      },
      "Azure.Core": {
        "type": "Transitive",
        "resolved": "1.44.1",
        "contentHash": "YyznXLQZCregzHvioip07/BkzjuWNXogJEVz9T5W6TwjNr17ax41YGzYMptlo2G10oLCuVPoyva62y0SIRDixg==",
        "dependencies": {
          "Microsoft.Bcl.AsyncInterfaces": "6.0.0",
          "System.ClientModel": "1.1.0",
          "System.Memory.Data": "6.0.0"
        }
      },
      "Cerebras.Cloud.Sdk.Unofficial": {
        "type": "Transitive",
        "resolved": "2025.7.13-rc.8",
        "contentHash": "yaUkOH5K91jAYgtEq4ymtLpBcWG+1wZ5Gd3yFoY88dz20J77N/xf9WxvZK8/GWoVfPS2s+C4GQhtWMjiJ9/Yxg==",
        "dependencies": {
          "Polly": "8.2.0"
        }
      },
      "CSJ2K": {
        "type": "Transitive",
        "resolved": "3.0.0",
        "contentHash": "mF0bzm1mwyu0sCCk/AXoDvqeJqPJfU+r0G2i3nXzPK22tfAFMoEUy8AazdNQqfChJmlamT7qf30B/NS8pTSIZQ==",
        "dependencies": {
          "NETStandard.Library": "1.6.1"
        }
      },
      "DuckDB.NET.Bindings.Full": {
        "type": "Transitive",
        "resolved": "1.1.3",
        "contentHash": "okQwozrCyTVCn+QGYBBO2/e4x3n2ufnF6dhgchRZPt3ng9LB7RjAPnv7vCUHIMwnOgcAIrP0cWTCw2WO/ngetQ=="
      },
      "DuckDB.NET.Data.Full": {
        "type": "Transitive",
        "resolved": "1.1.3",
        "contentHash": "P4hjhOYQdeeAOJ8ZuJs3TC4shq2CIIenb0y1ncT4VSFG4/coqrscVpeZobGJXE+gqjXdFLtZL5IGJvoQ2HEMzg==",
        "dependencies": {
          "DuckDB.NET.Bindings.Full": "1.1.3"
        }
      },
      "Humanizer.Core": {
        "type": "Transitive",
        "resolved": "3.0.10",
        "contentHash": "yZIhtw8sYuvsONzQbZxWpR60tMWYHXoo0DL6nyOqSFiU5POjBTSEyWFpTQtJEZuy+oqiYTXKXY/Mjx7KnqIQFw=="
      },
      "Json.More.Net": {
        "type": "Transitive",
        "resolved": "3.0.1",
        "contentHash": "fRctF2J2SILYG6wqP21drmeEODmCVkVQ/b3MndDu2fT1swfySyUgq7ePCk+aENGlDcIm05fyfjh9vcuqDEfv3w=="
      },
      "JsonPointer.Net": {
        "type": "Transitive",
        "resolved": "7.0.1",
        "contentHash": "5C497yxfktYFsqxKG+GUQPsMvBqIjzLkqtDEdMGsnBpl3/OB8DOvTo7LEyRX7AVc1kVVj0IX5zhmLrlbvAYEnw==",
        "dependencies": {
          "Humanizer.Core": "3.0.10",
          "Json.More.Net": "3.0.1"
        }
      },
      "Markdig": {
        "type": "Transitive",
        "resolved": "0.37.0",
        "contentHash": "biiu4MTPFjW55qw6v5Aphtj0MjDLJ14x8ndZwkJUHIeqvaSGKeqhLY7S7Vu/S3k7/c9KwhhnaCDP9hdFNUhcNA=="
      },
      "Microsoft.Bcl.AsyncInterfaces": {
        "type": "Transitive",
        "resolved": "6.0.0",
        "contentHash": "UcSjPsst+DfAdJGVDsu346FX0ci0ah+lw3WRtn18NUwEqRt70HaOQ7lI72vy3+1LxtqI3T5GWwV39rQSrCzAeg=="
      },
      "Microsoft.CodeAnalysis.Analyzers": {
        "type": "Transitive",
        "resolved": "5.3.0",
        "contentHash": "KuLhbZwB0L8JikL86AE5VWEp3RLNjIcp+j8yz9EJ/UBgRz4+qDEjHg/tluRFbpYpD/e37BqaaNFbQ0vqawBwWQ=="
      },
      "Microsoft.CodeAnalysis.Common": {
        "type": "Transitive",
        "resolved": "5.6.0",
        "contentHash": "eWYNB5e92PSdkQ0xcmy2aLtrvBXNydnVi0Hj/VjaAely6XBqA3By+ClGAJaj4d16pzQmrXPLLK9RDVuS1Ec9xQ==",
        "dependencies": {
          "Microsoft.CodeAnalysis.Analyzers": "5.3.0"
        }
      },
      "Microsoft.CodeAnalysis.Workspaces.Common": {
        "type": "Transitive",
        "resolved": "5.6.0",
        "contentHash": "ILscYALZ5u7MRl2paiiSqn23/5qiy3vvcqBEP/C7RnGJtQQKKtPz5vEBtvDeDTaLzB9/w9d/bxfRYnaq5Pz00g==",
        "dependencies": {
          "Humanizer.Core": "2.14.1",
          "Microsoft.CodeAnalysis.Analyzers": "5.3.0",
          "Microsoft.CodeAnalysis.Common": "[5.6.0]",
          "System.Composition": "10.0.1"
        }
      },
      "Microsoft.Data.Sqlite.Core": {
        "type": "Transitive",
        "resolved": "8.0.29",
        "contentHash": "B/7Z0la03kNVdmZtgSN/PocA2nsPiVUq56iCh25oW8W31Yzg1ofrMWy79i0DcDOXuHjy7+jlsUlSNytwe9Et5A==",
        "dependencies": {
          "SQLitePCLRaw.core": "2.1.6"
        }
      },
      "Microsoft.EntityFrameworkCore": {
        "type": "Transitive",
        "resolved": "8.0.29",
        "contentHash": "+4Md9S8HcJEkoatsVTiYrF621StlxS8bpnQMSYYbAVRnMGHWLhtlbgqTYdO8+zxuyIqAjiFAYtWr/oJ9KC7X7Q==",
        "dependencies": {
          "Microsoft.EntityFrameworkCore.Abstractions": "8.0.29",
          "Microsoft.EntityFrameworkCore.Analyzers": "8.0.29"
        }
      },
      "Microsoft.EntityFrameworkCore.Abstractions": {
        "type": "Transitive",
        "resolved": "8.0.29",
        "contentHash": "z5JLj2mWCuxnhP7oP9udaHxOK5FQWPpvjXeTmCMjRRCYZ1k+gUlb9Vznx2LHSFXww4ZHjztKbxezNTTu/T6znw=="
      },
      "Microsoft.EntityFrameworkCore.Analyzers": {
        "type": "Transitive",
        "resolved": "8.0.29",
        "contentHash": "rC/q2K3JGSKJpEraRDRJ3NUOH4e+CpwwCIbbKGXi87J6LuGdIg0+yggCSPCmV2PwSSlegZSg+le++O4IBRecLA=="
      },
      "Microsoft.EntityFrameworkCore.Relational": {
        "type": "Transitive",
        "resolved": "8.0.29",
        "contentHash": "2Hr88wB21JLwKhccXYM+7gy9hdtLNM0x5YcQs+Fxa+TYmWqaLof9HxOpgJytR2YOlJKcNM+Ee67GR6bqTXyZBQ==",
        "dependencies": {
          "Microsoft.EntityFrameworkCore": "8.0.29"
        }
      },
      "Microsoft.EntityFrameworkCore.Sqlite": {
        "type": "Transitive",
        "resolved": "8.0.29",
        "contentHash": "SN3TgwTzMj44FGCMG/E0eJ1tD3f/+B8J7QMNZGSm2DcTNkbPy1ro89xbEKdlrMGvFcslup+8Aqf6OHv1Ec3PUA==",
        "dependencies": {
          "Microsoft.EntityFrameworkCore.Sqlite.Core": "8.0.29",
          "SQLitePCLRaw.bundle_e_sqlite3": "2.1.6"
        }
      },
      "Microsoft.EntityFrameworkCore.Sqlite.Core": {
        "type": "Transitive",
        "resolved": "8.0.29",
        "contentHash": "5dnkUxKoJh0v1qk98V76qejcuvocVMk24n1n8sr237+A96ZXB+aGDA1PMysBXGOf1hojOvj6ywgVL2/AGnEo5w==",
        "dependencies": {
          "Microsoft.Data.Sqlite.Core": "8.0.29",
          "Microsoft.EntityFrameworkCore.Relational": "8.0.29",
          "Microsoft.Extensions.DependencyModel": "8.0.2"
        }
      },
      "Microsoft.Extensions.DependencyModel": {
        "type": "Transitive",
        "resolved": "8.0.2",
        "contentHash": "mUBDZZRgZrSyFOsJ2qJJ9fXfqd/kXJwf3AiDoqLD9m6TjY5OO/vLNOb9fb4juC0487eq4hcGN/M2Rh/CKS7QYw=="
      },
      "Microsoft.Extensions.Http.Polly": {
        "type": "Transitive",
        "resolved": "8.0.8",
        "contentHash": "pGdr4TNLLHLRT5PVZaNdcgBIKN1lQQAFcbnNV7P7qcS6WazGXT2ijMsuhUcNtm2ZxEVB7pZDRDJKR6J9m2bVaA==",
        "dependencies": {
          "Polly": "7.2.4",
          "Polly.Extensions.Http": "3.0.0"
        }
      },
      "Microsoft.NETCore.Platforms": {
        "type": "Transitive",
        "resolved": "1.1.0",
        "contentHash": "kz0PEW2lhqygehI/d6XsPCQzD7ff7gUJaVGPVETX611eadGsA3A877GdSlU0LRVMCTH/+P3o2iDTak+S08V2+A=="
      },
      "NETStandard.Library": {
        "type": "Transitive",
        "resolved": "1.6.1",
        "contentHash": "WcSp3+vP+yHNgS8EV5J7pZ9IRpeDuARBPN28by8zqff1wJQXm26PVU8L3/fYLBJVU7BtDyqNVWq2KlCVvSSR4A==",
        "dependencies": {
          "Microsoft.NETCore.Platforms": "1.1.0"
        }
      },
      "Npgsql": {
        "type": "Transitive",
        "resolved": "8.0.6",
        "contentHash": "KaS6CY5kY2Sd0P00MSeFcOI3t2DiQ4UWG8AuRpVOUeDWITOKfoEEG91DP3cmT6aerixPkjwKgXxnpDxIkDpO6g=="
      },
      "Npgsql.EntityFrameworkCore.PostgreSQL": {
        "type": "Transitive",
        "resolved": "8.0.11",
        "contentHash": "leShR/O/nSIS3Jpj8yUBmkzaXzBbtlV326+MYkX2BwAj2qSNrUv/H6m8G9Hnv2zUkQYccTpmV5jIVq5vdciEUA==",
        "dependencies": {
          "Microsoft.EntityFrameworkCore": "8.0.11",
          "Microsoft.EntityFrameworkCore.Abstractions": "8.0.11",
          "Microsoft.EntityFrameworkCore.Relational": "8.0.11",
          "Npgsql": "8.0.6"
        }
      },
      "OpenAI": {
        "type": "Transitive",
        "resolved": "2.1.0",
        "contentHash": "zl72nyP4O94ZyEoCLoE8qoc5vp8kSJmRuqR+UdK+jNIjFJGWJYjsb4rAGpMWWRTbPYuk82E8myMJdVQurMLDnQ==",
        "dependencies": {
          "System.ClientModel": "1.2.1"
        }
      },
      "Pgvector": {
        "type": "Transitive",
        "resolved": "0.3.2",
        "contentHash": "n7M5LuNejHUmtWky3zCbNO+tP1Gnjiuv9Qtu4LyvB1602dD8RiBxxCQp9jEjM0ZFDxAZF1oOWkNIkXw46KT00Q==",
        "dependencies": {
          "Npgsql": "8.0.5"
        }
      },
      "Pgvector.EntityFrameworkCore": {
        "type": "Transitive",
        "resolved": "0.2.1",
        "contentHash": "P3h1U7ajdIGqwTQZASdEMMrL5j4Kzc6s8o/1HX3Tc+zeeQPgcXMC1cymJY4ZVzEtBkL4rB9TG8PcaxxQd6kx2Q==",
        "dependencies": {
          "Npgsql.EntityFrameworkCore.PostgreSQL": "8.0.0",
          "Pgvector": "0.3.0"
        }
      },
      "Polly": {
        "type": "Transitive",
        "resolved": "8.5.2",
        "contentHash": "vbXsGgkG86nG+TOwY+SmtrGrRHmHH0DQaxtILx//d3Dz/ocJ8izSNYzdvU2gEtWa/LDD8zJLvD3HdjEkdlvkhg==",
        "dependencies": {
          "Polly.Core": "8.5.2"
        }
      },
      "Polly.Core": {
        "type": "Transitive",
        "resolved": "8.5.2",
        "contentHash": "1MJKdxv4zwDmiWvYvVN24DsrWUfgQ4F83voH8bhbtLMdPuGy8CfTUzsgQhvyrl1a7hrM6f/ydwLVdVUI0xooUw=="
      },
      "Polly.Extensions.Http": {
        "type": "Transitive",
        "resolved": "3.0.0",
        "contentHash": "drrG+hB3pYFY7w1c3BD+lSGYvH2oIclH8GRSehgfyP5kjnFnHKQuuBhuHLv+PWyFuaTDyk/vfRpnxOzd11+J8g==",
        "dependencies": {
          "Polly": "7.1.0"
        }
      },
      "SixLabors.ImageSharp": {
        "type": "Transitive",
        "resolved": "3.1.12",
        "contentHash": "iAg6zifihXEFS/t7fiHhZBGAdCp3FavsF4i2ZIDp0JfeYeDVzvmlbY1CNhhIKimaIzrzSi5M/NBFcWvZT2rB/A=="
      },
      "SkiaSharp": {
        "type": "Transitive",
        "resolved": "2.88.8",
        "contentHash": "bRkp3uKp5ZI8gXYQT57uKwil1uobb2p8c69n7v5evlB/2JNcMAXVcw9DZAP5Ig3WSvgzGm2YSn27UVeOi05NlA==",
        "dependencies": {
          "SkiaSharp.NativeAssets.Win32": "2.88.8",
          "SkiaSharp.NativeAssets.macOS": "2.88.8"
        }
      },
      "SkiaSharp.NativeAssets.macOS": {
        "type": "Transitive",
        "resolved": "2.88.8",
        "contentHash": "6Kn5TSkKlfyS6azWHF3Jk2sW5C4jCE5uSshM/5AbfFrR+5n6qM5XEnz9h4VaVl7LTxBvHvMkuPb/3bpbq0vxTw=="
      },
      "SkiaSharp.NativeAssets.Win32": {
        "type": "Transitive",
        "resolved": "2.88.8",
        "contentHash": "O9QXoWEXA+6cweR4h3BOnwMz+pO9vL9mXdjLrpDd0w1QzCgWmLQBxa1VgySDITiH7nQndrDG1h6937zm9pLj1Q=="
      },
      "SQLitePCLRaw.bundle_e_sqlite3": {
        "type": "Transitive",
        "resolved": "2.1.12",
        "contentHash": "mAgscpQMLw5/nfA1Q5oJVAT29yROUo1ifZGbbTpx/lwZpSxMUGoYbKfmvdm8oXER+RzxqBmmQzeBEVKfeHv2nw==",
        "dependencies": {
          "SQLitePCLRaw.lib.e_sqlite3": "2.1.12",
          "SQLitePCLRaw.provider.e_sqlite3": "2.1.12"
        }
      },
      "SQLitePCLRaw.core": {
        "type": "Transitive",
        "resolved": "2.1.12",
        "contentHash": "ETpNw9DY3ckWLgRRAeCHj+GKOuPi61aeczkXhgHexUvqoZBAYg8RYESE2J7O1M7+o6QbdSEZwrw9bfqztUVWXg=="
      },
      "SQLitePCLRaw.lib.e_sqlite3": {
        "type": "Transitive",
        "resolved": "2.1.12",
        "contentHash": "fWi8Dbknuhgg72fWinIdjXVaqO1hHL4YBBwVLnr7e1c9TAZwJ0QE38j9syW1hwx6HaqEVTwI+O07WPdZn8Rp0w=="
      },
      "SQLitePCLRaw.provider.e_sqlite3": {
        "type": "Transitive",
        "resolved": "2.1.12",
        "contentHash": "W3oH4XIfCzFrgUSDKHhN6N+dgzA5YHOR2VxX8GB6Qy7CyrJJgxPEG8NirgYWlPQC5P2jz2knSsexWu4tDUL33g==",
        "dependencies": {
          "SQLitePCLRaw.core": "2.1.12"
        }
      },
      "System.ClientModel": {
        "type": "Transitive",
        "resolved": "1.2.1",
        "contentHash": "s9+M5El+DXdCRRLzxak8uGBKWT8H/eIssGpFtpaMKdJULrQbBDPH/zFbVyHX+NDczhS5EvjHFbBH9/L+0UhmcA==",
        "dependencies": {
          "System.Memory.Data": "6.0.0"
        }
      },
      "System.Composition": {
        "type": "Transitive",
        "resolved": "10.0.1",
        "contentHash": "DJkqaWQfho/ReTzKcZD3zJJ6K4GcS154k+T0UCPMBNIOZ2U/lNpyiiWZ6Etw0onWyTH1K+yhICsdmwA5xy2aPQ==",
        "dependencies": {
          "System.Composition.AttributedModel": "10.0.1",
          "System.Composition.Convention": "10.0.1",
          "System.Composition.Hosting": "10.0.1",
          "System.Composition.Runtime": "10.0.1",
          "System.Composition.TypedParts": "10.0.1"
        }
      },
      "System.Composition.AttributedModel": {
        "type": "Transitive",
        "resolved": "10.0.1",
        "contentHash": "mRxYvpCVPAeuLEk0c0kxWJVjbW1/HUoxCgYotOj9eDeQiYcTDOMdCQApsTrHYMN3pHBA8WoF00KGolG632Etaw=="
      },
      "System.Composition.Convention": {
        "type": "Transitive",
        "resolved": "10.0.1",
        "contentHash": "dYynUByfVBzYDheNPGxS8UN8AvG/4tXf/coSs1odHOyoh4etv1kad/FrLWLMq4f8NO49NV20Xu+0/y613woTUA==",
        "dependencies": {
          "System.Composition.AttributedModel": "10.0.1"
        }
      },
      "System.Composition.Hosting": {
        "type": "Transitive",
        "resolved": "10.0.1",
        "contentHash": "4UGmyBdKWEN1nkqspJlji/nV7XIVm6KGlOC2So0mtM/gKvaNgLz+tUkcbY+6Zpr7dr6ohX1S5yl0RLID5otRHw==",
        "dependencies": {
          "System.Composition.Runtime": "10.0.1"
        }
      },
      "System.Composition.Runtime": {
        "type": "Transitive",
        "resolved": "10.0.1",
        "contentHash": "TVfys1gnUIhmXuYfFzyez0fOkDyELe9UwlxYeVlq6FmqmWmt1ouF0OQJ+6ozkHbkaop7uBUaXw7Qb+/o0m+nMg=="
      },
      "System.Composition.TypedParts": {
        "type": "Transitive",
        "resolved": "10.0.1",
        "contentHash": "koSfjkdQZfgQr3SyiSIBboDn+GiR0vZ3x9Uek9FJbXK0w5AiATV8KrnMEP8B8OAlO+Y3zQf0CPCNzwH+VIYDKg==",
        "dependencies": {
          "System.Composition.AttributedModel": "10.0.1",
          "System.Composition.Hosting": "10.0.1",
          "System.Composition.Runtime": "10.0.1"
        }
      },
      "System.Memory.Data": {
        "type": "Transitive",
        "resolved": "6.0.0",
        "contentHash": "ntFHArH3I4Lpjf5m4DCXQHJuGwWPNVJPaAvM95Jy/u+2Yzt2ryiyIN04LAogkjP9DeRcEOiviAjQotfmPq/FrQ=="
      },
      "System.Security.Cryptography.Pkcs": {
        "type": "Transitive",
        "resolved": "10.0.0",
        "contentHash": "UPWqLSygJlFerRi9XNIuM0a1VC8gHUIufyP24xQ0sc+XimqUAEcjpOz9DhKpyDjH+5B/wO3RpC0KpkEeDj/ddg=="
      },
      "UglyToad.PdfPig": {
        "type": "Transitive",
        "resolved": "1.7.0-custom-5",
        "contentHash": "mddnoBg+XV5YZJg+lp/LlXQ9NY9/oV/MoNjLbbLHw0uTymfyuinVePQB4ff/ELRv3s6n0G7h8q3Ycb3KYg+hgQ==",
        "dependencies": {
          "UglyToad.PdfPig.Core": "1.7.0-custom-5",
          "UglyToad.PdfPig.Fonts": "1.7.0-custom-5",
          "UglyToad.PdfPig.Tokenization": "1.7.0-custom-5",
          "UglyToad.PdfPig.Tokens": "1.7.0-custom-5"
        }
      },
      "UglyToad.PdfPig.Core": {
        "type": "Transitive",
        "resolved": "1.7.0-custom-5",
        "contentHash": "bChQUAYApM6/vgBis0+fBTZyAVqjXdqshjZDCgI3dgwUplfLJxXRrnkCOdNj0a6JNcF32R4aLpnGpTc9QmmVmg=="
      },
      "UglyToad.PdfPig.Fonts": {
        "type": "Transitive",
        "resolved": "1.7.0-custom-5",
        "contentHash": "Z6SBBAIL8wRkJNhXGYaz0CrHnNrNeuNtmwRbBtQUA1b3TDhRQppOmHCIuhjb6Vu/Rirp6FIOtzAU1lXsGik90w==",
        "dependencies": {
          "UglyToad.PdfPig.Core": "1.7.0-custom-5",
          "UglyToad.PdfPig.Tokenization": "1.7.0-custom-5",
          "UglyToad.PdfPig.Tokens": "1.7.0-custom-5"
        }
      },
      "UglyToad.PdfPig.Tokenization": {
        "type": "Transitive",
        "resolved": "1.7.0-custom-5",
        "contentHash": "U8VVH7VJjv6czP7qWyzDq6CRaiJQe7/sESUCL8H3kiEa3zi0l9TonIKlD/YidQ5DlgTumracii6zjLyKPEFKwA==",
        "dependencies": {
          "UglyToad.PdfPig.Core": "1.7.0-custom-5",
          "UglyToad.PdfPig.Tokens": "1.7.0-custom-5"
        }
      },
      "UglyToad.PdfPig.Tokens": {
        "type": "Transitive",
        "resolved": "1.7.0-custom-5",
        "contentHash": "m/j5RVfL4eF/OwX6ASprzK+yzD3l7xdgQ7zQPgENhjxfuXD+hj6FSeZlmxSTt9ywvWcTCjGKAILl9XTK9iQgCQ==",
        "dependencies": {
          "UglyToad.PdfPig.Core": "1.7.0-custom-5"
        }
      }
    }
  }
}